
Microsoft Visual Studio Solution File, Format Version 12.00
# Visual Studio Version 16
VisualStudioVersion = 16.0.32126.315
MinimumVisualStudioVersion = 10.0.40219.1
Project("{FAE04EC0-301F-11D3-BF4B-00C04F79EFBC}") = "WinFormsApp1", "WinFormsApp1\WinFormsApp1.csproj", "{EF03FD1D-B82A-43A2-8617-6D596A9ACE7D}"
EndProject
Global
	GlobalSection(SolutionConfigurationPlatforms) = preSolution
		Debug|Any CPU = Debug|Any CPU
		Release|Any CPU = Release|Any CPU
	EndGlobalSection
	GlobalSection(ProjectConfigurationPlatforms) = postSolution
		{EF03FD1D-B82A-43A2-8617-6D596A9ACE7D}.Debug|Any CPU.ActiveCfg = Debug|Any CPU
		{EF03FD1D-B82A-43A2-8617-6D596A9ACE7D}.Debug|Any CPU.Build.0 = Debug|Any CPU
		{EF03FD1D-B82A-43A2-8617-6D596A9ACE7D}.Release|Any CPU.ActiveCfg = Release|Any CPU
		{EF03FD1D-B82A-43A2-8617-6D596A9ACE7D}.Release|Any CPU.Build.0 = Release|Any CPU
	EndGlobalSection
	GlobalSection(SolutionProperties) = preSolution
		HideSolutionNode = FALSE
	EndGlobalSection
	GlobalSection(ExtensibilityGlobals) = postSolution
		SolutionGuid = {D2D4EEE7-DB85-4E75-B414-226A5417B9F4}
	EndGlobalSection
EndGlobal
